Microsoft Visual Studio Solution File, Format Version 12.00
# Visual Studio Version 17
VisualStudioVersion = 17.5.2.0
MinimumVisualStudioVersion = 10.0.40219.1
Project("{FAE04EC0-301F-11D3-BF4B-00C04F79EFBC}") = "StudentJson", "StudentJson.csproj", "{BC919901-36B9-6667-6592-721150414129}"
EndProject
Global
	GlobalSection(SolutionConfigurationPlatforms) = preSolution
		Debug|Any CPU = Debug|Any CPU
		Release|Any CPU = Release|Any CPU
	EndGlobalSection
	GlobalSection(ProjectConfigurationPlatforms) = postSolution
		{BC919901-36B9-6667-6592-721150414129}.Debug|Any CPU.ActiveCfg = Debug|Any CPU
		{BC919901-36B9-6667-6592-721150414129}.Debug|Any CPU.Build.0 = Debug|Any CPU
		{BC919901-36B9-6667-6592-721150414129}.Release|Any CPU.ActiveCfg = Release|Any CPU
		{BC919901-36B9-6667-6592-721150414129}.Release|Any CPU.Build.0 = Release|Any CPU
	EndGlobalSection
	GlobalSection(SolutionProperties) = preSolution
		HideSolutionNode = FALSE
	EndGlobalSection
	GlobalSection(ExtensibilityGlobals) = postSolution
		SolutionGuid = {4EB1B9E2-C772-4284-B6A4-CE519B10F091}
	EndGlobalSection
EndGlobal
