Microsoft Visual Studio Solution File, Format Version 12.00
# Visual Studio Version 17
VisualStudioVersion = 17.5.2.0
MinimumVisualStudioVersion = 10.0.40219.1
Project("{FAE04EC0-301F-11D3-BF4B-00C04F79EFBC}") = "JsonValidation", "JsonValidation.csproj", "{FA577144-4211-0FA7-FC30-F833C46A682A}"
EndProject
Global
	GlobalSection(SolutionConfigurationPlatforms) = preSolution
		Debug|Any CPU = Debug|Any CPU
		Release|Any CPU = Release|Any CPU
	EndGlobalSection
	GlobalSection(ProjectConfigurationPlatforms) = postSolution
		{FA577144-4211-0FA7-FC30-F833C46A682A}.Debug|Any CPU.ActiveCfg = Debug|Any CPU
		{FA577144-4211-0FA7-FC30-F833C46A682A}.Debug|Any CPU.Build.0 = Debug|Any CPU
		{FA577144-4211-0FA7-FC30-F833C46A682A}.Release|Any CPU.ActiveCfg = Release|Any CPU
		{FA577144-4211-0FA7-FC30-F833C46A682A}.Release|Any CPU.Build.0 = Release|Any CPU
	EndGlobalSection
	GlobalSection(SolutionProperties) = preSolution
		HideSolutionNode = FALSE
	EndGlobalSection
	GlobalSection(ExtensibilityGlobals) = postSolution
		SolutionGuid = {DC0B2FBF-F0A4-44BD-8EF4-0E7AAA0BE4F8}
	EndGlobalSection
EndGlobal
